
Microsoft Visual Studio Solution File, Format Version 12.00
# Visual Studio 2012
Project("{FAE04EC0-301F-11D3-BF4B-00C04F79EFBC}") = "TestMD25", "NetduinoMD25\TestMD25.csproj", "{114C403B-7CDE-4BFB-B51D-D83BFAF2B891}"
EndProject
Project("{FAE04EC0-301F-11D3-BF4B-00C04F79EFBC}") = "DriverMD2x", "DriverMD2x\DriverMD2x.csproj", "{FE468DF5-0A0E-4287-BF4E-37DD46F4EC23}"
EndProject
Global
	GlobalSection(SolutionConfigurationPlatforms) = preSolution
		Debug|Any CPU = Debug|Any CPU
		Release|Any CPU = Release|Any CPU
	EndGlobalSection
	GlobalSection(ProjectConfigurationPlatforms) = postSolution
		{114C403B-7CDE-4BFB-B51D-D83BFAF2B891}.Debug|Any CPU.ActiveCfg = Debug|Any CPU
		{114C403B-7CDE-4BFB-B51D-D83BFAF2B891}.Debug|Any CPU.Build.0 = Debug|Any CPU
		{114C403B-7CDE-4BFB-B51D-D83BFAF2B891}.Debug|Any CPU.Deploy.0 = Debug|Any CPU
		{114C403B-7CDE-4BFB-B51D-D83BFAF2B891}.Release|Any CPU.ActiveCfg = Release|Any CPU
		{114C403B-7CDE-4BFB-B51D-D83BFAF2B891}.Release|Any CPU.Build.0 = Release|Any CPU
		{114C403B-7CDE-4BFB-B51D-D83BFAF2B891}.Release|Any CPU.Deploy.0 = Release|Any CPU
		{FE468DF5-0A0E-4287-BF4E-37DD46F4EC23}.Debug|Any CPU.ActiveCfg = Debug|Any CPU
		{FE468DF5-0A0E-4287-BF4E-37DD46F4EC23}.Debug|Any CPU.Build.0 = Debug|Any CPU
		{FE468DF5-0A0E-4287-BF4E-37DD46F4EC23}.Release|Any CPU.ActiveCfg = Release|Any CPU
		{FE468DF5-0A0E-4287-BF4E-37DD46F4EC23}.Release|Any CPU.Build.0 = Release|Any CPU
	EndGlobalSection
	GlobalSection(SolutionProperties) = preSolution
		HideSolutionNode = FALSE
	EndGlobalSection
EndGlobal
